PODS:
  - Alamofire (4.6.0)
  - IQKeyboardManagerSwift (5.0.8)
  - Socket.IO-Client-Swift (13.1.0):
    - Starscream (~> 3.0.2)
  - Starscream (3.0.3)
  - SVProgressHUD (2.2.5)
  - SwiftyJSON (4.0.0)

DEPENDENCIES:
  - Alamofire
  - IQKeyboardManagerSwift
  - Socket.IO-Client-Swift
  - SVProgressHUD (from `https://github.com/SVProgressHUD/SVProgressHUD.git`)
  - SwiftyJSON

SPEC REPOS:
  https://github.com/cocoapods/specs.git:
    - Alamofire
    - IQKeyboardManagerSwift
    - Socket.IO-Client-Swift
    - Starscream
    - SwiftyJSON

EXTERNAL SOURCES:
  SVProgressHUD:
    :git: https://github.com/SVProgressHUD/SVProgressHUD.git

CHECKOUT OPTIONS:
  SVProgressHUD:
    :commit: 7f676d51905ede045ca5dcaf82d4ba0d9f96addf
    :git: https://github.com/SVProgressHUD/SVProgressHUD.git

SPEC CHECKSUMS:
  Alamofire: f41a599bd63041760b26d393ec1069d9d7b917f4
  IQKeyboardManagerSwift: 2e7dc7f98c111458c1ea2b373f893e8cf95e2b97
  Socket.IO-Client-Swift: b67a96d6a9e5f271bceb93e99779d2cf77c74868
  Starscream: dfb1b3f39506717ee52b67fb48de0c8269504cbc
  SVProgressHUD: 1428aafac632c1f86f62aa4243ec12008d7a51d6
  SwiftyJSON: 070dabdcb1beb81b247c65ffa3a79dbbfb3b48aa

PODFILE CHECKSUM: a6ce05ce1fb4d755d2ae9c7208be93d17308fc02

COCOAPODS: 1.5.2
